
Microsoft Visual Studio Solution File, Format Version 12.00
# Visual Studio 15
VisualStudioVersion = 15.0.27703.2026
MinimumVisualStudioVersion = 10.0.40219.1
Project("{9A19103F-16F7-4668-BE54-9A1E7A4F7556}") = "App21072018.Core", "App21072018.Core\App21072018.Core.csproj", "{FCE2646D-CAF6-4009-ABA9-4973E7B2CAE3}"
EndProject
Project("{FAE04EC0-301F-11D3-BF4B-00C04F79EFBC}") = "App21072018.EntityFrameworkCore", "App21072018.EntityFrameworkCore\App21072018.EntityFrameworkCore.csproj", "{3A5752D3-6C20-442C-8B92-7CAA3503985B}"
EndProject
Global
	GlobalSection(SolutionConfigurationPlatforms) = preSolution
		Debug|Any CPU = Debug|Any CPU
		Release|Any CPU = Release|Any CPU
	EndGlobalSection
	GlobalSection(ProjectConfigurationPlatforms) = postSolution
		{FCE2646D-CAF6-4009-ABA9-4973E7B2CAE3}.Debug|Any CPU.ActiveCfg = Debug|Any CPU
		{FCE2646D-CAF6-4009-ABA9-4973E7B2CAE3}.Debug|Any CPU.Build.0 = Debug|Any CPU
		{FCE2646D-CAF6-4009-ABA9-4973E7B2CAE3}.Release|Any CPU.ActiveCfg = Release|Any CPU
		{FCE2646D-CAF6-4009-ABA9-4973E7B2CAE3}.Release|Any CPU.Build.0 = Release|Any CPU
		{3A5752D3-6C20-442C-8B92-7CAA3503985B}.Debug|Any CPU.ActiveCfg = Debug|Any CPU
		{3A5752D3-6C20-442C-8B92-7CAA3503985B}.Debug|Any CPU.Build.0 = Debug|Any CPU
		{3A5752D3-6C20-442C-8B92-7CAA3503985B}.Release|Any CPU.ActiveCfg = Release|Any CPU
		{3A5752D3-6C20-442C-8B92-7CAA3503985B}.Release|Any CPU.Build.0 = Release|Any CPU
	EndGlobalSection
	GlobalSection(SolutionProperties) = preSolution
		HideSolutionNode = FALSE
	EndGlobalSection
	GlobalSection(ExtensibilityGlobals) = postSolution
		SolutionGuid = {33EB6537-315F-4C62-AE45-A4C0419B0279}
	EndGlobalSection
EndGlobal
